
Microsoft Visual Studio Solution File, Format Version 12.00
# Visual Studio Version 17
VisualStudioVersion = 17.8.34322.80
MinimumVisualStudioVersion = 10.0.40219.1
Project("{FAE04EC0-301F-11D3-BF4B-00C04F79EFBC}") = "Ccwc", "Ccwc\Ccwc.csproj", "{EA1C49BC-AA79-4A50-9F6E-E4EC426E875B}"
EndProject
Global
	GlobalSection(SolutionConfigurationPlatforms) = preSolution
		Debug|Any CPU = Debug|Any CPU
		Release|Any CPU = Release|Any CPU
	EndGlobalSection
	GlobalSection(ProjectConfigurationPlatforms) = postSolution
		{EA1C49BC-AA79-4A50-9F6E-E4EC426E875B}.Debug|Any CPU.ActiveCfg = Debug|Any CPU
		{EA1C49BC-AA79-4A50-9F6E-E4EC426E875B}.Debug|Any CPU.Build.0 = Debug|Any CPU
		{EA1C49BC-AA79-4A50-9F6E-E4EC426E875B}.Release|Any CPU.ActiveCfg = Release|Any CPU
		{EA1C49BC-AA79-4A50-9F6E-E4EC426E875B}.Release|Any CPU.Build.0 = Release|Any CPU
	EndGlobalSection
	GlobalSection(SolutionProperties) = preSolution
		HideSolutionNode = FALSE
	EndGlobalSection
	GlobalSection(ExtensibilityGlobals) = postSolution
		SolutionGuid = {54B71278-CF9C-4B6E-89A2-642F7F51BD25}
	EndGlobalSection
EndGlobal
